// !$*UTF8*$!
{
	archiveVersion = 1;
	classes = {
	};
	objectVersion = 46;
	objects = {

/* Begin PBXBuildFile section */
		8400389E1D2673C000EB5CDA /* main.m in Sources */ = {isa = PBXBuildFile; fileRef = 8400389D1D2673C000EB5CDA /* main.m */; };
		840038A71D2673C000EB5CDA /* Main.storyboard in Resources */ = {isa = PBXBuildFile; fileRef = 840038A51D2673C000EB5CDA /* Main.storyboard */; };
		840038A91D2673C000EB5CDA /* Assets.xcassets in Resources */ = {isa = PBXBuildFile; fileRef = 840038A81D2673C000EB5CDA /* Assets.xcassets */; };
		840038AC1D2673C000EB5CDA /* LaunchScreen.storyboard in Resources */ = {isa = PBXBuildFile; fileRef = 840038AA1D2673C000EB5CDA /* LaunchScreen.storyboard */; };
		840849B21D3AB31C00EA72F0 /* FirebaseInstanceID.framework in Frameworks */ = {isa = PBXBuildFile; fileRef = 840849AB1D3AB31C00EA72F0 /* FirebaseInstanceID.framework */; };
		840849B41D3AB31C00EA72F0 /* GoogleInterchangeUtilities.framework in Frameworks */ = {isa = PBXBuildFile; fileRef = 840849AD1D3AB31C00EA72F0 /* GoogleInterchangeUtilities.framework */; };
		840849B51D3AB31C00EA72F0 /* GoogleNetworkingUtilities.framework in Frameworks */ = {isa = PBXBuildFile; fileRef = 840849AE1D3AB31C00EA72F0 /* GoogleNetworkingUtilities.framework */; };
		840849B61D3AB31C00EA72F0 /* GoogleSymbolUtilities.framework in Frameworks */ = {isa = PBXBuildFile; fileRef = 840849AF1D3AB31C00EA72F0 /* GoogleSymbolUtilities.framework */; };
		840849B71D3AB31C00EA72F0 /* GoogleUtilities.framework in Frameworks */ = {isa = PBXBuildFile; fileRef = 840849B01D3AB31C00EA72F0 /* GoogleUtilities.framework */; };
		840849B91D3AB32D00EA72F0 /* MapKit.framework in Frameworks */ = {isa = PBXBuildFile; fileRef = 840849B81D3AB32D00EA72F0 /* MapKit.framework */; };
		840849BB1D3AB62700EA72F0 /* libicucore.tbd in Frameworks */ = {isa = PBXBuildFile; fileRef = 840849BA1D3AB62700EA72F0 /* libicucore.tbd */; };
		840849BD1D3AB64700EA72F0 /* libc++.tbd in Frameworks */ = {isa = PBXBuildFile; fileRef = 840849BC1D3AB64700EA72F0 /* libc++.tbd */; };
		840849BF1D3AB67600EA72F0 /* CFNetwork.framework in Frameworks */ = {isa = PBXBuildFile; fileRef = 840849BE1D3AB67600EA72F0 /* CFNetwork.framework */; };
		840849C11D3AB68700EA72F0 /* Security.framework in Frameworks */ = {isa = PBXBuildFile; fileRef = 840849C01D3AB68700EA72F0 /* Security.framework */; };
		840849C31D3AB69000EA72F0 /* SystemConfiguration.framework in Frameworks */ = {isa = PBXBuildFile; fileRef = 840849C21D3AB69000EA72F0 /* SystemConfiguration.framework */; };
		840849C51D3AB6A500EA72F0 /* AddressBook.framework in Frameworks */ = {isa = PBXBuildFile; fileRef = 840849C41D3AB6A500EA72F0 /* AddressBook.framework */; };
		840849C71D3AB6D900EA72F0 /* libz.tbd in Frameworks */ = {isa = PBXBuildFile; fileRef = 840849C61D3AB6D800EA72F0 /* libz.tbd */; };
		840849C91D3AB6FF00EA72F0 /* MobileCoreServices.framework in Frameworks */ = {isa = PBXBuildFile; fileRef = 840849C81D3AB6FF00EA72F0 /* MobileCoreServices.framework */; };
		841CD7941D36974F00982F27 /* RSPropertyTableViewCell.m in Sources */ = {isa = PBXBuildFile; fileRef = 841CD7931D36974F00982F27 /* RSPropertyTableViewCell.m */; };
		84B22DAC1D2D2FB60066E371 /* AppDelegate.m in Sources */ = {isa = PBXBuildFile; fileRef = 84B22DAB1D2D2FB60066E371 /* AppDelegate.m */; };
		84B22DAF1D2D2FC00066E371 /* ViewController.m in Sources */ = {isa = PBXBuildFile; fileRef = 84B22DAE1D2D2FC00066E371 /* ViewController.m */; };
		CD4523C51D3CFF3E003A74D8 /* FirebaseCrash.framework in Frameworks */ = {isa = PBXBuildFile; fileRef = CD4523C41D3CFF3E003A74D8 /* FirebaseCrash.framework */; };
		CD4523C71D3D007A003A74D8 /* FirebaseDatabase.framework in Frameworks */ = {isa = PBXBuildFile; fileRef = CD4523C61D3D007A003A74D8 /* FirebaseDatabase.framework */; };
		CD4523C91D3D00A6003A74D8 /* FirebaseStorage.framework in Frameworks */ = {isa = PBXBuildFile; fileRef = CD4523C81D3D00A6003A74D8 /* FirebaseStorage.framework */; };
		CD62D5141D375AC8008DC3AE /* RSPropertyDetailViewController.m in Sources */ = {isa = PBXBuildFile; fileRef = CD62D5131D375AC8008DC3AE /* RSPropertyDetailViewController.m */; };
		CD62D5191D378E2D008DC3AE /* CAPSPageMenu.m in Sources */ = {isa = PBXBuildFile; fileRef = CD62D5181D378E2D008DC3AE /* CAPSPageMenu.m */; };
		CD62D51C1D378ED1008DC3AE /* OverviewViewController.m in Sources */ = {isa = PBXBuildFile; fileRef = CD62D51B1D378ED1008DC3AE /* OverviewViewController.m */; };
		CD62D51F1D378EFA008DC3AE /* RSFeaturesTableViewController.m in Sources */ = {isa = PBXBuildFile; fileRef = CD62D51E1D378EFA008DC3AE /* RSFeaturesTableViewController.m */; };
		CD62D5221D378F10008DC3AE /* RSReviewTableViewController.m in Sources */ = {isa = PBXBuildFile; fileRef = CD62D5211D378F10008DC3AE /* RSReviewTableViewController.m */; };
		CD62D5251D378F28008DC3AE /* RSLocationViewController.m in Sources */ = {isa = PBXBuildFile; fileRef = CD62D5241D378F28008DC3AE /* RSLocationViewController.m */; };
		CD679FE41D3610AF00211116 /* RSUser.m in Sources */ = {isa = PBXBuildFile; fileRef = CD679FE31D3610AF00211116 /* RSUser.m */; };
		CD679FE71D36117600211116 /* RSProperty.m in Sources */ = {isa = PBXBuildFile; fileRef = CD679FE61D36117600211116 /* RSProperty.m */; };
		CD679FEA1D36127500211116 /* RSCompany.m in Sources */ = {isa = PBXBuildFile; fileRef = CD679FE91D36127500211116 /* RSCompany.m */; };
		CD679FED1D36128600211116 /* RSReview.m in Sources */ = {isa = PBXBuildFile; fileRef = CD679FEC1D36128600211116 /* RSReview.m */; };
		CD679FF01D36129600211116 /* RSFeatures.m in Sources */ = {isa = PBXBuildFile; fileRef = CD679FEF1D36129600211116 /* RSFeatures.m */; };
		CD679FF51D36430B00211116 /* RSTextField.m in Sources */ = {isa = PBXBuildFile; fileRef = CD679FF41D36430B00211116 /* RSTextField.m */; };
		CD679FF81D365D5400211116 /* RSPropertyTableViewController.m in Sources */ = {isa = PBXBuildFile; fileRef = CD679FF71D365D5400211116 /* RSPropertyTableViewController.m */; };
		CDBBD21E1D3B821F000272DC /* AdSupport.framework in Frameworks */ = {isa = PBXBuildFile; fileRef = CDBBD21D1D3B821F000272DC /* AdSupport.framework */; };
		CDBBD2201D3B8229000272DC /* SafariServices.framework in Frameworks */ = {isa = PBXBuildFile; fileRef = CDBBD21F1D3B8229000272DC /* SafariServices.framework */; };
		CDBBD2221D3B8233000272DC /* StoreKit.framework in Frameworks */ = {isa = PBXBuildFile; fileRef = CDBBD2211D3B8233000272DC /* StoreKit.framework */; };
		CDBBD2241D3B824C000272DC /* libc++.1.tbd in Frameworks */ = {isa = PBXBuildFile; fileRef = CDBBD2231D3B824C000272DC /* libc++.1.tbd */; };
		CDBBD2261D3B8259000272DC /* libsqlite3.0.tbd in Frameworks */ = {isa = PBXBuildFile; fileRef = CDBBD2251D3B8259000272DC /* libsqlite3.0.tbd */; };
		CDBBD2281D3B8261000272DC /* libsqlite3.tbd in Frameworks */ = {isa = PBXBuildFile; fileRef = CDBBD2271D3B8261000272DC /* libsqlite3.tbd */; };
		CDBBD22A1D3B826C000272DC /* libz.1.2.5.tbd in Frameworks */ = {isa = PBXBuildFile; fileRef = CDBBD2291D3B826C000272DC /* libz.1.2.5.tbd */; };
		CDBBD22E1D3B82C3000272DC /* CoreTelephony.framework in Frameworks */ = {isa = PBXBuildFile; fileRef = CDBBD22D1D3B82C3000272DC /* CoreTelephony.framework */; };
/* End PBXBuildFile section */

/* Begin PBXFileReference section */
		840038991D2673C000EB5CDA /* mRealState.app */ = {isa = PBXFileReference; explicitFileType = wrapper.application; includeInIndex = 0; path = mRealState.app; sourceTree = BUILT_PRODUCTS_DIR; };
		8400389D1D2673C000EB5CDA /* main.m */ = {isa = PBXFileReference; lastKnownFileType = sourcecode.c.objc; path = main.m; sourceTree = "<group>"; };
		840038A61D2673C000EB5CDA /* Base */ = {isa = PBXFileReference; lastKnownFileType = file.storyboard; name = Base; path = Base.lproj/Main.storyboard; sourceTree = "<group>"; };
		840038A81D2673C000EB5CDA /* Assets.xcassets */ = {isa = PBXFileReference; lastKnownFileType = folder.assetcatalog; path = Assets.xcassets; sourceTree = "<group>"; };
		840038AB1D2673C000EB5CDA /* Base */ = {isa = PBXFileReference; lastKnownFileType = file.storyboard; name = Base; path = Base.lproj/LaunchScreen.storyboard; sourceTree = "<group>"; };
		840038AD1D2673C000EB5CDA /* Info.plist */ = {isa = PBXFileReference; lastKnownFileType = text.plist.xml; path = Info.plist; sourceTree = "<group>"; };
		840849A91D3AB31C00EA72F0 /* Firebase.h */ = {isa = PBXFileReference; fileEncoding = 4; lastKnownFileType = sourcecode.c.h; path = Firebase.h; sourceTree = "<group>"; };
		840849AB1D3AB31C00EA72F0 /* FirebaseInstanceID.framework */ = {isa = PBXFileReference; lastKnownFileType = wrapper.framework; path = FirebaseInstanceID.framework; sourceTree = "<group>"; };
		840849AD1D3AB31C00EA72F0 /* GoogleInterchangeUtilities.framework */ = {isa = PBXFileReference; lastKnownFileType = wrapper.framework; path = GoogleInterchangeUtilities.framework; sourceTree = "<group>"; };
		840849AE1D3AB31C00EA72F0 /* GoogleNetworkingUtilities.framework */ = {isa = PBXFileReference; lastKnownFileType = wrapper.framework; path = GoogleNetworkingUtilities.framework; sourceTree = "<group>"; };
		840849AF1D3AB31C00EA72F0 /* GoogleSymbolUtilities.framework */ = {isa = PBXFileReference; lastKnownFileType = wrapper.framework; path = GoogleSymbolUtilities.framework; sourceTree = "<group>"; };
		840849B01D3AB31C00EA72F0 /* GoogleUtilities.framework */ = {isa = PBXFileReference; lastKnownFileType = wrapper.framework; path = GoogleUtilities.framework; sourceTree = "<group>"; };
		840849B81D3AB32D00EA72F0 /* MapKit.framework */ = {isa = PBXFileReference; lastKnownFileType = wrapper.framework; name = MapKit.framework; path = System/Library/Frameworks/MapKit.framework; sourceTree = SDKROOT; };
		840849BA1D3AB62700EA72F0 /* libicucore.tbd */ = {isa = PBXFileReference; lastKnownFileType = "sourcecode.text-based-dylib-definition"; name = libicucore.tbd; path = usr/lib/libicucore.tbd; sourceTree = SDKROOT; };
		840849BC1D3AB64700EA72F0 /* libc++.tbd */ = {isa = PBXFileReference; lastKnownFileType = "sourcecode.text-based-dylib-definition"; name = "libc++.tbd"; path = "usr/lib/libc++.tbd"; sourceTree = SDKROOT; };
		840849BE1D3AB67600EA72F0 /* CFNetwork.framework */ = {isa = PBXFileReference; lastKnownFileType = wrapper.framework; name = CFNetwork.framework; path = System/Library/Frameworks/CFNetwork.framework; sourceTree = SDKROOT; };
		840849C01D3AB68700EA72F0 /* Security.framework */ = {isa = PBXFileReference; lastKnownFileType = wrapper.framework; name = Security.framework; path = System/Library/Frameworks/Security.framework; sourceTree = SDKROOT; };
		840849C21D3AB69000EA72F0 /* SystemConfiguration.framework */ = {isa = PBXFileReference; lastKnownFileType = wrapper.framework; name = SystemConfiguration.framework; path = System/Library/Frameworks/SystemConfiguration.framework; sourceTree = SDKROOT; };
		840849C41D3AB6A500EA72F0 /* AddressBook.framework */ = {isa = PBXFileReference; lastKnownFileType = wrapper.framework; name = AddressBook.framework; path = System/Library/Frameworks/AddressBook.framework; sourceTree = SDKROOT; };
		840849C61D3AB6D800EA72F0 /* libz.tbd */ = {isa = PBXFileReference; lastKnownFileType = "sourcecode.text-based-dylib-definition"; name = libz.tbd; path = usr/lib/libz.tbd; sourceTree = SDKROOT; };
		840849C81D3AB6FF00EA72F0 /* MobileCoreServices.framework */ = {isa = PBXFileReference; lastKnownFileType = wrapper.framework; name = MobileCoreServices.framework; path = System/Library/Frameworks/MobileCoreServices.framework; sourceTree = SDKROOT; };
		841CD7921D36974F00982F27 /* RSPropertyTableViewCell.h */ = {isa = PBXFileReference; fileEncoding = 4; lastKnownFileType = sourcecode.c.h; path = RSPropertyTableViewCell.h; sourceTree = "<group>"; };
		841CD7931D36974F00982F27 /* RSPropertyTableViewCell.m */ = {isa = PBXFileReference; fileEncoding = 4; lastKnownFileType = sourcecode.c.objc; path = RSPropertyTableViewCell.m; sourceTree = "<group>"; };
		84B22DAA1D2D2FB60066E371 /* AppDelegate.h */ = {isa = PBXFileReference; fileEncoding = 4; lastKnownFileType = sourcecode.c.h; path = AppDelegate.h; sourceTree = "<group>"; };
		84B22DAB1D2D2FB60066E371 /* AppDelegate.m */ = {isa = PBXFileReference; fileEncoding = 4; lastKnownFileType = sourcecode.c.objc; path = AppDelegate.m; sourceTree = "<group>"; };
		84B22DAD1D2D2FC00066E371 /* ViewController.h */ = {isa = PBXFileReference; fileEncoding = 4; lastKnownFileType = sourcecode.c.h; path = ViewController.h; sourceTree = "<group>"; };
		84B22DAE1D2D2FC00066E371 /* ViewController.m */ = {isa = PBXFileReference; fileEncoding = 4; lastKnownFileType = sourcecode.c.objc; path = ViewController.m; sourceTree = "<group>"; };
		CD4523C41D3CFF3E003A74D8 /* FirebaseCrash.framework */ = {isa = PBXFileReference; lastKnownFileType = wrapper.framework; path = FirebaseCrash.framework; sourceTree = "<group>"; };
		CD4523C61D3D007A003A74D8 /* FirebaseDatabase.framework */ = {isa = PBXFileReference; lastKnownFileType = wrapper.framework; path = FirebaseDatabase.framework; sourceTree = "<group>"; };
		CD4523C81D3D00A6003A74D8 /* FirebaseStorage.framework */ = {isa = PBXFileReference; lastKnownFileType = wrapper.framework; path = FirebaseStorage.framework; sourceTree = "<group>"; };
		CD62D5121D375AC8008DC3AE /* RSPropertyDetailViewController.h */ = {isa = PBXFileReference; fileEncoding = 4; lastKnownFileType = sourcecode.c.h; path = RSPropertyDetailViewController.h; sourceTree = "<group>"; };
		CD62D5131D375AC8008DC3AE /* RSPropertyDetailViewController.m */ = {isa = PBXFileReference; fileEncoding = 4; lastKnownFileType = sourcecode.c.objc; path = RSPropertyDetailViewController.m; sourceTree = "<group>"; };
		CD62D5171D378E2D008DC3AE /* CAPSPageMenu.h */ = {isa = PBXFileReference; fileEncoding = 4; lastKnownFileType = sourcecode.c.h; path = CAPSPageMenu.h; sourceTree = "<group>"; };
		CD62D5181D378E2D008DC3AE /* CAPSPageMenu.m */ = {isa = PBXFileReference; fileEncoding = 4; lastKnownFileType = sourcecode.c.objc; path = CAPSPageMenu.m; sourceTree = "<group>"; };
		CD62D51A1D378ED1008DC3AE /* OverviewViewController.h */ = {isa = PBXFileReference; fileEncoding = 4; lastKnownFileType = sourcecode.c.h; path = OverviewViewController.h; sourceTree = "<group>"; };
		CD62D51B1D378ED1008DC3AE /* OverviewViewController.m */ = {isa = PBXFileReference; fileEncoding = 4; lastKnownFileType = sourcecode.c.objc; path = OverviewViewController.m; sourceTree = "<group>"; };
		CD62D51D1D378EFA008DC3AE /* RSFeaturesTableViewController.h */ = {isa = PBXFileReference; fileEncoding = 4; lastKnownFileType = sourcecode.c.h; path = RSFeaturesTableViewController.h; sourceTree = "<group>"; };
		CD62D51E1D378EFA008DC3AE /* RSFeaturesTableViewController.m */ = {isa = PBXFileReference; fileEncoding = 4; lastKnownFileType = sourcecode.c.objc; path = RSFeaturesTableViewController.m; sourceTree = "<group>"; };
		CD62D5201D378F10008DC3AE /* RSReviewTableViewController.h */ = {isa = PBXFileReference; fileEncoding = 4; lastKnownFileType = sourcecode.c.h; path = RSReviewTableViewController.h; sourceTree = "<group>"; };
		CD62D5211D378F10008DC3AE /* RSReviewTableViewController.m */ = {isa = PBXFileReference; fileEncoding = 4; lastKnownFileType = sourcecode.c.objc; path = RSReviewTableViewController.m; sourceTree = "<group>"; };
		CD62D5231D378F28008DC3AE /* RSLocationViewController.h */ = {isa = PBXFileReference; fileEncoding = 4; lastKnownFileType = sourcecode.c.h; path = RSLocationViewController.h; sourceTree = "<group>"; };
		CD62D5241D378F28008DC3AE /* RSLocationViewController.m */ = {isa = PBXFileReference; fileEncoding = 4; lastKnownFileType = sourcecode.c.objc; path = RSLocationViewController.m; sourceTree = "<group>"; };
		CD679FE21D3610AF00211116 /* RSUser.h */ = {isa = PBXFileReference; fileEncoding = 4; lastKnownFileType = sourcecode.c.h; path = RSUser.h; sourceTree = "<group>"; };
		CD679FE31D3610AF00211116 /* RSUser.m */ = {isa = PBXFileReference; fileEncoding = 4; lastKnownFileType = sourcecode.c.objc; path = RSUser.m; sourceTree = "<group>"; };
		CD679FE51D36117600211116 /* RSProperty.h */ = {isa = PBXFileReference; fileEncoding = 4; lastKnownFileType = sourcecode.c.h; path = RSProperty.h; sourceTree = "<group>"; };
		CD679FE61D36117600211116 /* RSProperty.m */ = {isa = PBXFileReference; fileEncoding = 4; lastKnownFileType = sourcecode.c.objc; path = RSProperty.m; sourceTree = "<group>"; };
		CD679FE81D36127500211116 /* RSCompany.h */ = {isa = PBXFileReference; fileEncoding = 4; lastKnownFileType = sourcecode.c.h; path = RSCompany.h; sourceTree = "<group>"; };
		CD679FE91D36127500211116 /* RSCompany.m */ = {isa = PBXFileReference; fileEncoding = 4; lastKnownFileType = sourcecode.c.objc; path = RSCompany.m; sourceTree = "<group>"; };
		CD679FEB1D36128600211116 /* RSReview.h */ = {isa = PBXFileReference; fileEncoding = 4; lastKnownFileType = sourcecode.c.h; path = RSReview.h; sourceTree = "<group>"; };
		CD679FEC1D36128600211116 /* RSReview.m */ = {isa = PBXFileReference; fileEncoding = 4; lastKnownFileType = sourcecode.c.objc; path = RSReview.m; sourceTree = "<group>"; };
		CD679FEE1D36129600211116 /* RSFeatures.h */ = {isa = PBXFileReference; fileEncoding = 4; lastKnownFileType = sourcecode.c.h; path = RSFeatures.h; sourceTree = "<group>"; };
		CD679FEF1D36129600211116 /* RSFeatures.m */ = {isa = PBXFileReference; fileEncoding = 4; lastKnownFileType = sourcecode.c.objc; path = RSFeatures.m; sourceTree = "<group>"; };
		CD679FF31D36430B00211116 /* RSTextField.h */ = {isa = PBXFileReference; fileEncoding = 4; lastKnownFileType = sourcecode.c.h; path = RSTextField.h; sourceTree = "<group>"; };
		CD679FF41D36430B00211116 /* RSTextField.m */ = {isa = PBXFileReference; fileEncoding = 4; lastKnownFileType = sourcecode.c.objc; path = RSTextField.m; sourceTree = "<group>"; };
		CD679FF61D365D5400211116 /* RSPropertyTableViewController.h */ = {isa = PBXFileReference; fileEncoding = 4; lastKnownFileType = sourcecode.c.h; path = RSPropertyTableViewController.h; sourceTree = "<group>"; };
		CD679FF71D365D5400211116 /* RSPropertyTableViewController.m */ = {isa = PBXFileReference; fileEncoding = 4; lastKnownFileType = sourcecode.c.objc; path = RSPropertyTableViewController.m; sourceTree = "<group>"; };
		CDBBD21D1D3B821F000272DC /* AdSupport.framework */ = {isa = PBXFileReference; lastKnownFileType = wrapper.framework; name = AdSupport.framework; path = System/Library/Frameworks/AdSupport.framework; sourceTree = SDKROOT; };
		CDBBD21F1D3B8229000272DC /* SafariServices.framework */ = {isa = PBXFileReference; lastKnownFileType = wrapper.framework; name = SafariServices.framework; path = System/Library/Frameworks/SafariServices.framework; sourceTree = SDKROOT; };
		CDBBD2211D3B8233000272DC /* StoreKit.framework */ = {isa = PBXFileReference; lastKnownFileType = wrapper.framework; name = StoreKit.framework; path = System/Library/Frameworks/StoreKit.framework; sourceTree = SDKROOT; };
		CDBBD2231D3B824C000272DC /* libc++.1.tbd */ = {isa = PBXFileReference; lastKnownFileType = "sourcecode.text-based-dylib-definition"; name = "libc++.1.tbd"; path = "usr/lib/libc++.1.tbd"; sourceTree = SDKROOT; };
		CDBBD2251D3B8259000272DC /* libsqlite3.0.tbd */ = {isa = PBXFileReference; lastKnownFileType = "sourcecode.text-based-dylib-definition"; name = libsqlite3.0.tbd; path = usr/lib/libsqlite3.0.tbd; sourceTree = SDKROOT; };
		CDBBD2271D3B8261000272DC /* libsqlite3.tbd */ = {isa = PBXFileReference; lastKnownFileType = "sourcecode.text-based-dylib-definition"; name = libsqlite3.tbd; path = usr/lib/libsqlite3.tbd; sourceTree = SDKROOT; };
		CDBBD2291D3B826C000272DC /* libz.1.2.5.tbd */ = {isa = PBXFileReference; lastKnownFileType = "sourcecode.text-based-dylib-definition"; name = libz.1.2.5.tbd; path = usr/lib/libz.1.2.5.tbd; sourceTree = SDKROOT; };
		CDBBD22D1D3B82C3000272DC /* CoreTelephony.framework */ = {isa = PBXFileReference; lastKnownFileType = wrapper.framework; name = CoreTelephony.framework; path = System/Library/Frameworks/CoreTelephony.framework; sourceTree = SDKROOT; };
/* End PBXFileReference section */

/* Begin PBXFrameworksBuildPhase section */
		840038961D2673C000EB5CDA /* Frameworks */ = {
			isa = PBXFrameworksBuildPhase;
			buildActionMask = 2147483647;
			files = (
				CD4523C51D3CFF3E003A74D8 /* FirebaseCrash.framework in Frameworks */,
				CDBBD22E1D3B82C3000272DC /* CoreTelephony.framework in Frameworks */,
				CDBBD22A1D3B826C000272DC /* libz.1.2.5.tbd in Frameworks */,
				CDBBD2281D3B8261000272DC /* libsqlite3.tbd in Frameworks */,
				CDBBD2261D3B8259000272DC /* libsqlite3.0.tbd in Frameworks */,
				CDBBD2241D3B824C000272DC /* libc++.1.tbd in Frameworks */,
				CDBBD2221D3B8233000272DC /* StoreKit.framework in Frameworks */,
				CDBBD2201D3B8229000272DC /* SafariServices.framework in Frameworks */,
				CDBBD21E1D3B821F000272DC /* AdSupport.framework in Frameworks */,
				840849C71D3AB6D900EA72F0 /* libz.tbd in Frameworks */,
				840849BD1D3AB64700EA72F0 /* libc++.tbd in Frameworks */,
				840849BB1D3AB62700EA72F0 /* libicucore.tbd in Frameworks */,
				CD4523C71D3D007A003A74D8 /* FirebaseDatabase.framework in Frameworks */,
				840849C91D3AB6FF00EA72F0 /* MobileCoreServices.framework in Frameworks */,
				840849C51D3AB6A500EA72F0 /* AddressBook.framework in Frameworks */,
				840849C31D3AB69000EA72F0 /* SystemConfiguration.framework in Frameworks */,
				840849C11D3AB68700EA72F0 /* Security.framework in Frameworks */,
				840849BF1D3AB67600EA72F0 /* CFNetwork.framework in Frameworks */,
				840849B91D3AB32D00EA72F0 /* MapKit.framework in Frameworks */,
				840849B61D3AB31C00EA72F0 /* GoogleSymbolUtilities.framework in Frameworks */,
				840849B51D3AB31C00EA72F0 /* GoogleNetworkingUtilities.framework in Frameworks */,
				840849B41D3AB31C00EA72F0 /* GoogleInterchangeUtilities.framework in Frameworks */,
				840849B71D3AB31C00EA72F0 /* GoogleUtilities.framework in Frameworks */,
				CD4523C91D3D00A6003A74D8 /* FirebaseStorage.framework in Frameworks */,
				840849B21D3AB31C00EA72F0 /* FirebaseInstanceID.framework in Frameworks */,
			);
			runOnlyForDeploymentPostprocessing = 0;
		};
/* End PBXFrameworksBuildPhase section */

/* Begin PBXGroup section */
		840038901D2673C000EB5CDA = {
			isa = PBXGroup;
			children = (
				840849A81D3AB2E600EA72F0 /* Frameworks */,
				8400389B1D2673C000EB5CDA /* mRealState */,
				8400389A1D2673C000EB5CDA /* Products */,
			);
			sourceTree = "<group>";
		};
		8400389A1D2673C000EB5CDA /* Products */ = {
			isa = PBXGroup;
			children = (
				840038991D2673C000EB5CDA /* mRealState.app */,
			);
			name = Products;
			sourceTree = "<group>";
		};
		8400389B1D2673C000EB5CDA /* mRealState */ = {
			isa = PBXGroup;
			children = (
				84B22DA51D2D2F870066E371 /* Controller */,
				84B22DA61D2D2F870066E371 /* Delegate */,
				84B22DA71D2D2F870066E371 /* Models */,
				84B22DA81D2D2F870066E371 /* Utils */,
				84B22DA91D2D2F870066E371 /* Views */,
				840038A51D2673C000EB5CDA /* Main.storyboard */,
				840038A81D2673C000EB5CDA /* Assets.xcassets */,
				840038AA1D2673C000EB5CDA /* LaunchScreen.storyboard */,
				840038AD1D2673C000EB5CDA /* Info.plist */,
				8400389C1D2673C000EB5CDA /* Supporting Files */,
			);
			path = mRealState;
			sourceTree = "<group>";
		};
		8400389C1D2673C000EB5CDA /* Supporting Files */ = {
			isa = PBXGroup;
			children = (
				8400389D1D2673C000EB5CDA /* main.m */,
			);
			name = "Supporting Files";
			sourceTree = "<group>";
		};
		840849A81D3AB2E600EA72F0 /* Frameworks */ = {
			isa = PBXGroup;
			children = (
				CD4523C81D3D00A6003A74D8 /* FirebaseStorage.framework */,
				CD4523C61D3D007A003A74D8 /* FirebaseDatabase.framework */,
				CD4523C41D3CFF3E003A74D8 /* FirebaseCrash.framework */,
				CDBBD22D1D3B82C3000272DC /* CoreTelephony.framework */,
				CDBBD2291D3B826C000272DC /* libz.1.2.5.tbd */,
				CDBBD2271D3B8261000272DC /* libsqlite3.tbd */,
				CDBBD2251D3B8259000272DC /* libsqlite3.0.tbd */,
				CDBBD2231D3B824C000272DC /* libc++.1.tbd */,
				CDBBD2211D3B8233000272DC /* StoreKit.framework */,
				CDBBD21F1D3B8229000272DC /* SafariServices.framework */,
				CDBBD21D1D3B821F000272DC /* AdSupport.framework */,
				840849C61D3AB6D800EA72F0 /* libz.tbd */,
				840849BC1D3AB64700EA72F0 /* libc++.tbd */,
				840849BA1D3AB62700EA72F0 /* libicucore.tbd */,
				840849C81D3AB6FF00EA72F0 /* MobileCoreServices.framework */,
				840849B81D3AB32D00EA72F0 /* MapKit.framework */,
				840849C41D3AB6A500EA72F0 /* AddressBook.framework */,
				840849C21D3AB69000EA72F0 /* SystemConfiguration.framework */,
				840849C01D3AB68700EA72F0 /* Security.framework */,
				840849BE1D3AB67600EA72F0 /* CFNetwork.framework */,
				840849A91D3AB31C00EA72F0 /* Firebase.h */,
				840849AB1D3AB31C00EA72F0 /* FirebaseInstanceID.framework */,
				840849AD1D3AB31C00EA72F0 /* GoogleInterchangeUtilities.framework */,
				840849AE1D3AB31C00EA72F0 /* GoogleNetworkingUtilities.framework */,
				840849AF1D3AB31C00EA72F0 /* GoogleSymbolUtilities.framework */,
				840849B01D3AB31C00EA72F0 /* GoogleUtilities.framework */,
			);
			path = Frameworks;
			sourceTree = "<group>";
		};
		841CD7951D36975700982F27 /* TableViewCell */ = {
			isa = PBXGroup;
			children = (
				841CD7931D36974F00982F27 /* RSPropertyTableViewCell.m */,
				841CD7921D36974F00982F27 /* RSPropertyTableViewCell.h */,
			);
			name = TableViewCell;
			sourceTree = "<group>";
		};
		84B22DA51D2D2F870066E371 /* Controller */ = {
			isa = PBXGroup;
			children = (
				84B22DAD1D2D2FC00066E371 /* ViewController.h */,
				84B22DAE1D2D2FC00066E371 /* ViewController.m */,
				CD679FF61D365D5400211116 /* RSPropertyTableViewController.h */,
				CD679FF71D365D5400211116 /* RSPropertyTableViewController.m */,
				CD62D5121D375AC8008DC3AE /* RSPropertyDetailViewController.h */,
				CD62D5131D375AC8008DC3AE /* RSPropertyDetailViewController.m */,
				CD62D51A1D378ED1008DC3AE /* OverviewViewController.h */,
				CD62D51B1D378ED1008DC3AE /* OverviewViewController.m */,
				CD62D51D1D378EFA008DC3AE /* RSFeaturesTableViewController.h */,
				CD62D51E1D378EFA008DC3AE /* RSFeaturesTableViewController.m */,
				CD62D5201D378F10008DC3AE /* RSReviewTableViewController.h */,
				CD62D5211D378F10008DC3AE /* RSReviewTableViewController.m */,
				CD62D5231D378F28008DC3AE /* RSLocationViewController.h */,
				CD62D5241D378F28008DC3AE /* RSLocationViewController.m */,
			);
			path = Controller;
			sourceTree = "<group>";
		};
		84B22DA61D2D2F870066E371 /* Delegate */ = {
			isa = PBXGroup;
			children = (
				84B22DAA1D2D2FB60066E371 /* AppDelegate.h */,
				84B22DAB1D2D2FB60066E371 /* AppDelegate.m */,
			);
			path = Delegate;
			sourceTree = "<group>";
		};
		84B22DA71D2D2F870066E371 /* Models */ = {
			isa = PBXGroup;
			children = (
				CD679FE21D3610AF00211116 /* RSUser.h */,
				CD679FE31D3610AF00211116 /* RSUser.m */,
				CD679FE51D36117600211116 /* RSProperty.h */,
				CD679FE61D36117600211116 /* RSProperty.m */,
				CD679FE81D36127500211116 /* RSCompany.h */,
				CD679FE91D36127500211116 /* RSCompany.m */,
				CD679FEB1D36128600211116 /* RSReview.h */,
				CD679FEC1D36128600211116 /* RSReview.m */,
				CD679FEE1D36129600211116 /* RSFeatures.h */,
				CD679FEF1D36129600211116 /* RSFeatures.m */,
			);
			path = Models;
			sourceTree = "<group>";
		};
		84B22DA81D2D2F870066E371 /* Utils */ = {
			isa = PBXGroup;
			children = (
			);
			path = Utils;
			sourceTree = "<group>";
		};
		84B22DA91D2D2F870066E371 /* Views */ = {
			isa = PBXGroup;
			children = (
				CD62D5161D378E2D008DC3AE /* PageMenu */,
				CD679FF31D36430B00211116 /* RSTextField.h */,
				CD679FF41D36430B00211116 /* RSTextField.m */,
				841CD7951D36975700982F27 /* TableViewCell */,
			);
			path = Views;
			sourceTree = "<group>";
		};
		CD62D5161D378E2D008DC3AE /* PageMenu */ = {
			isa = PBXGroup;
			children = (
				CD62D5171D378E2D008DC3AE /* CAPSPageMenu.h */,
				CD62D5181D378E2D008DC3AE /* CAPSPageMenu.m */,
			);
			path = PageMenu;
			sourceTree = "<group>";
		};
/* End PBXGroup section */

/* Begin PBXNativeTarget section */
		840038981D2673C000EB5CDA /* mRealState */ = {
			isa = PBXNativeTarget;
			buildConfigurationList = 840038B01D2673C000EB5CDA /* Build configuration list for PBXNativeTarget "mRealState" */;
			buildPhases = (
				840038951D2673C000EB5CDA /* Sources */,
				840038961D2673C000EB5CDA /* Frameworks */,
				840038971D2673C000EB5CDA /* Resources */,
			);
			buildRules = (
			);
			dependencies = (
			);
			name = mRealState;
			productName = mRealState;
			productReference = 840038991D2673C000EB5CDA /* mRealState.app */;
			productType = "com.apple.product-type.application";
		};
/* End PBXNativeTarget section */

/* Begin PBXProject section */
		840038911D2673C000EB5CDA /* Project object */ = {
			isa = PBXProject;
			attributes = {
				LastUpgradeCheck = 0730;
				ORGANIZATIONNAME = mStudio;
				TargetAttributes = {
					840038981D2673C000EB5CDA = {
						CreatedOnToolsVersion = 7.3.1;
						SystemCapabilities = {
							com.apple.Maps.iOS = {
								enabled = 1;
							};
						};
					};
				};
			};
			buildConfigurationList = 840038941D2673C000EB5CDA /* Build configuration list for PBXProject "mRealState" */;
			compatibilityVersion = "Xcode 3.2";
			developmentRegion = English;
			hasScannedForEncodings = 0;
			knownRegions = (
				en,
				Base,
			);
			mainGroup = 840038901D2673C000EB5CDA;
			productRefGroup = 8400389A1D2673C000EB5CDA /* Products */;
			projectDirPath = "";
			projectRoot = "";
			targets = (
				840038981D2673C000EB5CDA /* mRealState */,
			);
		};
/* End PBXProject section */

/* Begin PBXResourcesBuildPhase section */
		840038971D2673C000EB5CDA /* Resources */ = {
			isa = PBXResourcesBuildPhase;
			buildActionMask = 2147483647;
			files = (
				840038AC1D2673C000EB5CDA /* LaunchScreen.storyboard in Resources */,
				840038A91D2673C000EB5CDA /* Assets.xcassets in Resources */,
				840038A71D2673C000EB5CDA /* Main.storyboard in Resources */,
			);
			runOnlyForDeploymentPostprocessing = 0;
		};
/* End PBXResourcesBuildPhase section */

/* Begin PBXSourcesBuildPhase section */
		840038951D2673C000EB5CDA /* Sources */ = {
			isa = PBXSourcesBuildPhase;
			buildActionMask = 2147483647;
			files = (
				CD679FED1D36128600211116 /* RSReview.m in Sources */,
				CD62D51C1D378ED1008DC3AE /* OverviewViewController.m in Sources */,
				CD679FF81D365D5400211116 /* RSPropertyTableViewController.m in Sources */,
				841CD7941D36974F00982F27 /* RSPropertyTableViewCell.m in Sources */,
				CD62D5191D378E2D008DC3AE /* CAPSPageMenu.m in Sources */,
				CD62D5251D378F28008DC3AE /* RSLocationViewController.m in Sources */,
				84B22DAF1D2D2FC00066E371 /* ViewController.m in Sources */,
				CD62D5221D378F10008DC3AE /* RSReviewTableViewController.m in Sources */,
				84B22DAC1D2D2FB60066E371 /* AppDelegate.m in Sources */,
				CD679FF01D36129600211116 /* RSFeatures.m in Sources */,
				CD62D5141D375AC8008DC3AE /* RSPropertyDetailViewController.m in Sources */,
				8400389E1D2673C000EB5CDA /* main.m in Sources */,
				CD679FF51D36430B00211116 /* RSTextField.m in Sources */,
				CD679FE41D3610AF00211116 /* RSUser.m in Sources */,
				CD62D51F1D378EFA008DC3AE /* RSFeaturesTableViewController.m in Sources */,
				CD679FEA1D36127500211116 /* RSCompany.m in Sources */,
				CD679FE71D36117600211116 /* RSProperty.m in Sources */,
			);
			runOnlyForDeploymentPostprocessing = 0;
		};
/* End PBXSourcesBuildPhase section */

/* Begin PBXVariantGroup section */
		840038A51D2673C000EB5CDA /* Main.storyboard */ = {
			isa = PBXVariantGroup;
			children = (
				840038A61D2673C000EB5CDA /* Base */,
			);
			name = Main.storyboard;
			sourceTree = "<group>";
		};
		840038AA1D2673C000EB5CDA /* LaunchScreen.storyboard */ = {
			isa = PBXVariantGroup;
			children = (
				840038AB1D2673C000EB5CDA /* Base */,
			);
			name = LaunchScreen.storyboard;
			sourceTree = "<group>";
		};
/* End PBXVariantGroup section */

/* Begin XCBuildConfiguration section */
		840038AE1D2673C000EB5CDA /* Debug */ = {
			isa = XCBuildConfiguration;
			buildSettings = {
				ALWAYS_SEARCH_USER_PATHS = NO;
				CLANG_ANALYZER_NONNULL = YES;
				CLANG_CXX_LANGUAGE_STANDARD = "gnu++0x";
				CLANG_CXX_LIBRARY = "libc++";
				CLANG_ENABLE_MODULES = YES;
				CLANG_ENABLE_OBJC_ARC = YES;
				CLANG_WARN_BOOL_CONVERSION = YES;
				CLANG_WARN_CONSTANT_CONVERSION = YES;
				CLANG_WARN_DIRECT_OBJC_ISA_USAGE = YES_ERROR;
				CLANG_WARN_EMPTY_BODY = YES;
				CLANG_WARN_ENUM_CONVERSION = YES;
				CLANG_WARN_INT_CONVERSION = YES;
				CLANG_WARN_OBJC_ROOT_CLASS = YES_ERROR;
				CLANG_WARN_UNREACHABLE_CODE = YES;
				CLANG_WARN__DUPLICATE_METHOD_MATCH = YES;
				"CODE_SIGN_IDENTITY[sdk=iphoneos*]" = "iPhone Developer";
				COPY_PHASE_STRIP = NO;
				DEBUG_INFORMATION_FORMAT = dwarf;
				ENABLE_STRICT_OBJC_MSGSEND = YES;
				ENABLE_TESTABILITY = YES;
				GCC_C_LANGUAGE_STANDARD = gnu99;
				GCC_DYNAMIC_NO_PIC = NO;
				GCC_NO_COMMON_BLOCKS = YES;
				GCC_OPTIMIZATION_LEVEL = 0;
				GCC_PREPROCESSOR_DEFINITIONS = (
					"DEBUG=1",
					"$(inherited)",
				);
				GCC_WARN_64_TO_32_BIT_CONVERSION = YES;
				GCC_WARN_ABOUT_RETURN_TYPE = YES_ERROR;
				GCC_WARN_UNDECLARED_SELECTOR = YES;
				GCC_WARN_UNINITIALIZED_AUTOS = YES_AGGRESSIVE;
				GCC_WARN_UNUSED_FUNCTION = YES;
				GCC_WARN_UNUSED_VARIABLE = YES;
				IPHONEOS_DEPLOYMENT_TARGET = 9.3;
				MTL_ENABLE_DEBUG_INFO = YES;
				ONLY_ACTIVE_ARCH = YES;
				"OTHER_LDFLAGS[arch=*]" = "$(inherited)";
				SDKROOT = iphoneos;
			};
			name = Debug;
		};
		840038AF1D2673C000EB5CDA /* Release */ = {
			isa = XCBuildConfiguration;
			buildSettings = {
				ALWAYS_SEARCH_USER_PATHS = NO;
				CLANG_ANALYZER_NONNULL = YES;
				CLANG_CXX_LANGUAGE_STANDARD = "gnu++0x";
				CLANG_CXX_LIBRARY = "libc++";
				CLANG_ENABLE_MODULES = YES;
				CLANG_ENABLE_OBJC_ARC = YES;
				CLANG_WARN_BOOL_CONVERSION = YES;
				CLANG_WARN_CONSTANT_CONVERSION = YES;
				CLANG_WARN_DIRECT_OBJC_ISA_USAGE = YES_ERROR;
				CLANG_WARN_EMPTY_BODY = YES;
				CLANG_WARN_ENUM_CONVERSION = YES;
				CLANG_WARN_INT_CONVERSION = YES;
				CLANG_WARN_OBJC_ROOT_CLASS = YES_ERROR;
				CLANG_WARN_UNREACHABLE_CODE = YES;
				CLANG_WARN__DUPLICATE_METHOD_MATCH = YES;
				"CODE_SIGN_IDENTITY[sdk=iphoneos*]" = "iPhone Developer";
				COPY_PHASE_STRIP = NO;
				DEBUG_INFORMATION_FORMAT = "dwarf-with-dsym";
				ENABLE_NS_ASSERTIONS = NO;
				ENABLE_STRICT_OBJC_MSGSEND = YES;
				GCC_C_LANGUAGE_STANDARD = gnu99;
				GCC_NO_COMMON_BLOCKS = YES;
				GCC_WARN_64_TO_32_BIT_CONVERSION = YES;
				GCC_WARN_ABOUT_RETURN_TYPE = YES_ERROR;
				GCC_WARN_UNDECLARED_SELECTOR = YES;
				GCC_WARN_UNINITIALIZED_AUTOS = YES_AGGRESSIVE;
				GCC_WARN_UNUSED_FUNCTION = YES;
				GCC_WARN_UNUSED_VARIABLE = YES;
				IPHONEOS_DEPLOYMENT_TARGET = 9.3;
				MTL_ENABLE_DEBUG_INFO = NO;
				"OTHER_LDFLAGS[arch=*]" = "$(inherited)";
				SDKROOT = iphoneos;
				VALIDATE_PRODUCT = YES;
			};
			name = Release;
		};
		840038B11D2673C000EB5CDA /* Debug */ = {
			isa = XCBuildConfiguration;
			buildSettings = {
				ASSETCATALOG_COMPILER_APPICON_NAME = AppIcon;
				FRAMEWORK_SEARCH_PATHS = (
					"$(inherited)",
					"$(PROJECT_DIR)",
					"$(PROJECT_DIR)/Frameworks",
				);
				INFOPLIST_FILE = mRealState/Info.plist;
				IPHONEOS_DEPLOYMENT_TARGET = 9.0;
				LD_RUNPATH_SEARCH_PATHS = "$(inherited) @executable_path/Frameworks";
				"OTHER_LDFLAGS[arch=*]" = "$(inherited)";
				PRODUCT_BUNDLE_IDENTIFIER = com.mStudio.mRealState;
				PRODUCT_NAME = "$(TARGET_NAME)";
			};
			name = Debug;
		};
		840038B21D2673C000EB5CDA /* Release */ = {
			isa = XCBuildConfiguration;
			buildSettings = {
				ASSETCATALOG_COMPILER_APPICON_NAME = AppIcon;
				FRAMEWORK_SEARCH_PATHS = (
					"$(inherited)",
					"$(PROJECT_DIR)",
					"$(PROJECT_DIR)/Frameworks",
				);
				INFOPLIST_FILE = mRealState/Info.plist;
				IPHONEOS_DEPLOYMENT_TARGET = 9.0;
				LD_RUNPATH_SEARCH_PATHS = "$(inherited) @executable_path/Frameworks";
				"OTHER_LDFLAGS[arch=*]" = "$(inherited)";
				PRODUCT_BUNDLE_IDENTIFIER = com.mStudio.mRealState;
				PRODUCT_NAME = "$(TARGET_NAME)";
			};
			name = Release;
		};
/* End XCBuildConfiguration section */

/* Begin XCConfigurationList section */
		840038941D2673C000EB5CDA /* Build configuration list for PBXProject "mRealState" */ = {
			isa = XCConfigurationList;
			buildConfigurations = (
				840038AE1D2673C000EB5CDA /* Debug */,
				840038AF1D2673C000EB5CDA /* Release */,
			);
			defaultConfigurationIsVisible = 0;
			defaultConfigurationName = Release;
		};
		840038B01D2673C000EB5CDA /* Build configuration list for PBXNativeTarget "mRealState" */ = {
			isa = XCConfigurationList;
			buildConfigurations = (
				840038B11D2673C000EB5CDA /* Debug */,
				840038B21D2673C000EB5CDA /* Release */,
			);
			defaultConfigurationIsVisible = 0;
			defaultConfigurationName = Release;
		};
/* End XCConfigurationList section */
	};
	rootObject = 840038911D2673C000EB5CDA /* Project object */;
}
